// !$*UTF8*$!
{
	archiveVersion = 1;
	classes = {
	};
	objectVersion = 46;
	objects = {

/* Begin PBXBuildFile section */
		04391A431BEC4C92004897A2 /* TestImageViewController.m in Sources */ = {isa = PBXBuildFile; fileRef = 04391A421BEC4C92004897A2 /* TestImageViewController.m */; };
		04391A441BEC4C92004897A2 /* TestImageViewController.m in Sources */ = {isa = PBXBuildFile; fileRef = 04391A421BEC4C92004897A2 /* TestImageViewController.m */; };
		04391A451BEC4C92004897A2 /* TestImageViewController.m in Sources */ = {isa = PBXBuildFile; fileRef = 04391A421BEC4C92004897A2 /* TestImageViewController.m */; };
		047B28EE1BEC5040008763A1 /* TestTableViewController.m in Sources */ = {isa = PBXBuildFile; fileRef = 047B28ED1BEC5040008763A1 /* TestTableViewController.m */; };
		047B28EF1BEC5040008763A1 /* TestTableViewController.m in Sources */ = {isa = PBXBuildFile; fileRef = 047B28ED1BEC5040008763A1 /* TestTableViewController.m */; };
		047B28F01BEC5040008763A1 /* TestTableViewController.m in Sources */ = {isa = PBXBuildFile; fileRef = 047B28ED1BEC5040008763A1 /* TestTableViewController.m */; };
		047B28F41BEC504F008763A1 /* TestTableViewCell.m in Sources */ = {isa = PBXBuildFile; fileRef = 047B28F21BEC504F008763A1 /* TestTableViewCell.m */; };
		047B28F51BEC504F008763A1 /* TestTableViewCell.m in Sources */ = {isa = PBXBuildFile; fileRef = 047B28F21BEC504F008763A1 /* TestTableViewCell.m */; };
		047B28F61BEC504F008763A1 /* TestTableViewCell.m in Sources */ = {isa = PBXBuildFile; fileRef = 047B28F21BEC504F008763A1 /* TestTableViewCell.m */; };
		047B28F71BEC504F008763A1 /* TestTableViewCell.xib in Resources */ = {isa = PBXBuildFile; fileRef = 047B28F31BEC504F008763A1 /* TestTableViewCell.xib */; };
		047B28F81BEC504F008763A1 /* TestTableViewCell.xib in Resources */ = {isa = PBXBuildFile; fileRef = 047B28F31BEC504F008763A1 /* TestTableViewCell.xib */; };
		047B28F91BEC504F008763A1 /* TestTableViewCell.xib in Resources */ = {isa = PBXBuildFile; fileRef = 047B28F31BEC504F008763A1 /* TestTableViewCell.xib */; };
		049456B21BEB6AC300E0CBDA /* main.m in Sources */ = {isa = PBXBuildFile; fileRef = 049456B11BEB6AC300E0CBDA /* main.m */; };
		049456B51BEB6AC300E0CBDA /* AppDelegate.m in Sources */ = {isa = PBXBuildFile; fileRef = 049456B41BEB6AC300E0CBDA /* AppDelegate.m */; };
		049456B81BEB6AC300E0CBDA /* ViewController.m in Sources */ = {isa = PBXBuildFile; fileRef = 049456B71BEB6AC300E0CBDA /* ViewController.m */; };
		049456BB1BEB6AC300E0CBDA /* Main.storyboard in Resources */ = {isa = PBXBuildFile; fileRef = 049456B91BEB6AC300E0CBDA /* Main.storyboard */; };
		049456BD1BEB6AC300E0CBDA /* Assets.xcassets in Resources */ = {isa = PBXBuildFile; fileRef = 049456BC1BEB6AC300E0CBDA /* Assets.xcassets */; };
		049456C01BEB6AC300E0CBDA /* LaunchScreen.storyboard in Resources */ = {isa = PBXBuildFile; fileRef = 049456BE1BEB6AC300E0CBDA /* LaunchScreen.storyboard */; };
		049456CB1BEB6AC300E0CBDA /* JKImageViewTests.m in Sources */ = {isa = PBXBuildFile; fileRef = 049456CA1BEB6AC300E0CBDA /* JKImageViewTests.m */; };
		049456D61BEB6AC400E0CBDA /* JKImageViewUITests.m in Sources */ = {isa = PBXBuildFile; fileRef = 049456D51BEB6AC400E0CBDA /* JKImageViewUITests.m */; };
		74D6729D50D72CB2EE6BFE2A /* libPods.a in Frameworks */ = {isa = PBXBuildFile; fileRef = A061A8B1ED240B9DFE8AF99F /* libPods.a */; };
/* End PBXBuildFile section */

/* Begin PBXContainerItemProxy section */
		049456C71BEB6AC300E0CBDA /* PBXContainerItemProxy */ = {
			isa = PBXContainerItemProxy;
			containerPortal = 049456A51BEB6AC300E0CBDA /* Project object */;
			proxyType = 1;
			remoteGlobalIDString = 049456AC1BEB6AC300E0CBDA;
			remoteInfo = JKImageView;
		};
		049456D21BEB6AC400E0CBDA /* PBXContainerItemProxy */ = {
			isa = PBXContainerItemProxy;
			containerPortal = 049456A51BEB6AC300E0CBDA /* Project object */;
			proxyType = 1;
			remoteGlobalIDString = 049456AC1BEB6AC300E0CBDA;
			remoteInfo = JKImageView;
		};
/* End PBXContainerItemProxy section */

/* Begin PBXFileReference section */
		04391A3A1BEC4A32004897A2 /* PrefixHeader.pch */ = {isa = PBXFileReference; fileEncoding = 4; lastKnownFileType = sourcecode.c.h; path = PrefixHeader.pch; sourceTree = "<group>"; };
		04391A411BEC4C92004897A2 /* TestImageViewController.h */ = {isa = PBXFileReference; fileEncoding = 4; lastKnownFileType = sourcecode.c.h; path = TestImageViewController.h; sourceTree = "<group>"; };
		04391A421BEC4C92004897A2 /* TestImageViewController.m */ = {isa = PBXFileReference; fileEncoding = 4; lastKnownFileType = sourcecode.c.objc; path = TestImageViewController.m; sourceTree = "<group>"; };
		047B28EC1BEC5040008763A1 /* TestTableViewController.h */ = {isa = PBXFileReference; fileEncoding = 4; lastKnownFileType = sourcecode.c.h; path = TestTableViewController.h; sourceTree = "<group>"; };
		047B28ED1BEC5040008763A1 /* TestTableViewController.m */ = {isa = PBXFileReference; fileEncoding = 4; lastKnownFileType = sourcecode.c.objc; path = TestTableViewController.m; sourceTree = "<group>"; };
		047B28F11BEC504F008763A1 /* TestTableViewCell.h */ = {isa = PBXFileReference; fileEncoding = 4; lastKnownFileType = sourcecode.c.h; path = TestTableViewCell.h; sourceTree = "<group>"; };
		047B28F21BEC504F008763A1 /* TestTableViewCell.m */ = {isa = PBXFileReference; fileEncoding = 4; lastKnownFileType = sourcecode.c.objc; path = TestTableViewCell.m; sourceTree = "<group>"; };
		047B28F31BEC504F008763A1 /* TestTableViewCell.xib */ = {isa = PBXFileReference; fileEncoding = 4; lastKnownFileType = file.xib; path = TestTableViewCell.xib; sourceTree = "<group>"; };
		049456AD1BEB6AC300E0CBDA /* JKImageView.app */ = {isa = PBXFileReference; explicitFileType = wrapper.application; includeInIndex = 0; path = JKImageView.app; sourceTree = BUILT_PRODUCTS_DIR; };
		049456B11BEB6AC300E0CBDA /* main.m */ = {isa = PBXFileReference; lastKnownFileType = sourcecode.c.objc; path = main.m; sourceTree = "<group>"; };
		049456B31BEB6AC300E0CBDA /* AppDelegate.h */ = {isa = PBXFileReference; lastKnownFileType = sourcecode.c.h; path = AppDelegate.h; sourceTree = "<group>"; };
		049456B41BEB6AC300E0CBDA /* AppDelegate.m */ = {isa = PBXFileReference; lastKnownFileType = sourcecode.c.objc; path = AppDelegate.m; sourceTree = "<group>"; };
		049456B61BEB6AC300E0CBDA /* ViewController.h */ = {isa = PBXFileReference; lastKnownFileType = sourcecode.c.h; path = ViewController.h; sourceTree = "<group>"; };
		049456B71BEB6AC300E0CBDA /* ViewController.m */ = {isa = PBXFileReference; lastKnownFileType = sourcecode.c.objc; path = ViewController.m; sourceTree = "<group>"; };
		049456BA1BEB6AC300E0CBDA /* Base */ = {isa = PBXFileReference; lastKnownFileType = file.storyboard; name = Base; path = Base.lproj/Main.storyboard; sourceTree = "<group>"; };
		049456BC1BEB6AC300E0CBDA /* Assets.xcassets */ = {isa = PBXFileReference; lastKnownFileType = folder.assetcatalog; path = Assets.xcassets; sourceTree = "<group>"; };
		049456BF1BEB6AC300E0CBDA /* Base */ = {isa = PBXFileReference; lastKnownFileType = file.storyboard; name = Base; path = Base.lproj/LaunchScreen.storyboard; sourceTree = "<group>"; };
		049456C11BEB6AC300E0CBDA /* Info.plist */ = {isa = PBXFileReference; lastKnownFileType = text.plist.xml; path = Info.plist; sourceTree = "<group>"; };
		049456C61BEB6AC300E0CBDA /* JKImageViewTests.xctest */ = {isa = PBXFileReference; explicitFileType = wrapper.cfbundle; includeInIndex = 0; path = JKImageViewTests.xctest; sourceTree = BUILT_PRODUCTS_DIR; };
		049456CA1BEB6AC300E0CBDA /* JKImageViewTests.m */ = {isa = PBXFileReference; lastKnownFileType = sourcecode.c.objc; path = JKImageViewTests.m; sourceTree = "<group>"; };
		049456CC1BEB6AC300E0CBDA /* Info.plist */ = {isa = PBXFileReference; lastKnownFileType = text.plist.xml; path = Info.plist; sourceTree = "<group>"; };
		049456D11BEB6AC400E0CBDA /* JKImageViewUITests.xctest */ = {isa = PBXFileReference; explicitFileType = wrapper.cfbundle; includeInIndex = 0; path = JKImageViewUITests.xctest; sourceTree = BUILT_PRODUCTS_DIR; };
		049456D51BEB6AC400E0CBDA /* JKImageViewUITests.m */ = {isa = PBXFileReference; lastKnownFileType = sourcecode.c.objc; path = JKImageViewUITests.m; sourceTree = "<group>"; };
		049456D71BEB6AC400E0CBDA /* Info.plist */ = {isa = PBXFileReference; lastKnownFileType = text.plist.xml; path = Info.plist; sourceTree = "<group>"; };
		50DB690ADF9F7397E703B305 /* Pods.release.xcconfig */ = {isa = PBXFileReference; includeInIndex = 1; lastKnownFileType = text.xcconfig; name = Pods.release.xcconfig; path = "Pods/Target Support Files/Pods/Pods.release.xcconfig"; sourceTree = "<group>"; };
		A061A8B1ED240B9DFE8AF99F /* libPods.a */ = {isa = PBXFileReference; explicitFileType = archive.ar; includeInIndex = 0; path = libPods.a; sourceTree = BUILT_PRODUCTS_DIR; };
		BE810828170BEFC17A1BA553 /* Pods.debug.xcconfig */ = {isa = PBXFileReference; includeInIndex = 1; lastKnownFileType = text.xcconfig; name = Pods.debug.xcconfig; path = "Pods/Target Support Files/Pods/Pods.debug.xcconfig"; sourceTree = "<group>"; };
/* End PBXFileReference section */

/* Begin PBXFrameworksBuildPhase section */
		049456AA1BEB6AC300E0CBDA /* Frameworks */ = {
			isa = PBXFrameworksBuildPhase;
			buildActionMask = 2147483647;
			files = (
				74D6729D50D72CB2EE6BFE2A /* libPods.a in Frameworks */,
			);
			runOnlyForDeploymentPostprocessing = 0;
		};
		049456C31BEB6AC300E0CBDA /* Frameworks */ = {
			isa = PBXFrameworksBuildPhase;
			buildActionMask = 2147483647;
			files = (
			);
			runOnlyForDeploymentPostprocessing = 0;
		};
		049456CE1BEB6AC400E0CBDA /* Frameworks */ = {
			isa = PBXFrameworksBuildPhase;
			buildActionMask = 2147483647;
			files = (
			);
			runOnlyForDeploymentPostprocessing = 0;
		};
/* End PBXFrameworksBuildPhase section */

/* Begin PBXGroup section */
		04391A401BEC4C7F004897A2 /* Controllers */ = {
			isa = PBXGroup;
			children = (
				04391A411BEC4C92004897A2 /* TestImageViewController.h */,
				04391A421BEC4C92004897A2 /* TestImageViewController.m */,
				047B28EC1BEC5040008763A1 /* TestTableViewController.h */,
				047B28ED1BEC5040008763A1 /* TestTableViewController.m */,
			);
			path = Controllers;
			sourceTree = "<group>";
		};
		047B28EB1BEC5028008763A1 /* SubViews */ = {
			isa = PBXGroup;
			children = (
				047B28F11BEC504F008763A1 /* TestTableViewCell.h */,
				047B28F21BEC504F008763A1 /* TestTableViewCell.m */,
				047B28F31BEC504F008763A1 /* TestTableViewCell.xib */,
			);
			path = SubViews;
			sourceTree = "<group>";
		};
		049456A41BEB6AC300E0CBDA = {
			isa = PBXGroup;
			children = (
				049456AF1BEB6AC300E0CBDA /* JKImageView */,
				049456C91BEB6AC300E0CBDA /* JKImageViewTests */,
				049456D41BEB6AC400E0CBDA /* JKImageViewUITests */,
				049456AE1BEB6AC300E0CBDA /* Products */,
				A18DC3A0E138125ED50D6044 /* Pods */,
				DAB277E667C9CE715DE9CC20 /* Frameworks */,
			);
			sourceTree = "<group>";
		};
		049456AE1BEB6AC300E0CBDA /* Products */ = {
			isa = PBXGroup;
			children = (
				049456AD1BEB6AC300E0CBDA /* JKImageView.app */,
				049456C61BEB6AC300E0CBDA /* JKImageViewTests.xctest */,
				049456D11BEB6AC400E0CBDA /* JKImageViewUITests.xctest */,
			);
			name = Products;
			sourceTree = "<group>";
		};
		049456AF1BEB6AC300E0CBDA /* JKImageView */ = {
			isa = PBXGroup;
			children = (
				047B28EB1BEC5028008763A1 /* SubViews */,
				04391A401BEC4C7F004897A2 /* Controllers */,
				049456B31BEB6AC300E0CBDA /* AppDelegate.h */,
				049456B41BEB6AC300E0CBDA /* AppDelegate.m */,
				049456B61BEB6AC300E0CBDA /* ViewController.h */,
				049456B71BEB6AC300E0CBDA /* ViewController.m */,
				049456B01BEB6AC300E0CBDA /* Supporting Files */,
			);
			path = JKImageView;
			sourceTree = "<group>";
		};
		049456B01BEB6AC300E0CBDA /* Supporting Files */ = {
			isa = PBXGroup;
			children = (
				049456B91BEB6AC300E0CBDA /* Main.storyboard */,
				049456BC1BEB6AC300E0CBDA /* Assets.xcassets */,
				049456BE1BEB6AC300E0CBDA /* LaunchScreen.storyboard */,
				049456C11BEB6AC300E0CBDA /* Info.plist */,
				049456B11BEB6AC300E0CBDA /* main.m */,
				04391A3A1BEC4A32004897A2 /* PrefixHeader.pch */,
			);
			name = "Supporting Files";
			sourceTree = "<group>";
		};
		049456C91BEB6AC300E0CBDA /* JKImageViewTests */ = {
			isa = PBXGroup;
			children = (
				049456CA1BEB6AC300E0CBDA /* JKImageViewTests.m */,
				049456CC1BEB6AC300E0CBDA /* Info.plist */,
			);
			path = JKImageViewTests;
			sourceTree = "<group>";
		};
		049456D41BEB6AC400E0CBDA /* JKImageViewUITests */ = {
			isa = PBXGroup;
			children = (
				049456D51BEB6AC400E0CBDA /* JKImageViewUITests.m */,
				049456D71BEB6AC400E0CBDA /* Info.plist */,
			);
			path = JKImageViewUITests;
			sourceTree = "<group>";
		};
		A18DC3A0E138125ED50D6044 /* Pods */ = {
			isa = PBXGroup;
			children = (
				BE810828170BEFC17A1BA553 /* Pods.debug.xcconfig */,
				50DB690ADF9F7397E703B305 /* Pods.release.xcconfig */,
			);
			name = Pods;
			sourceTree = "<group>";
		};
		DAB277E667C9CE715DE9CC20 /* Frameworks */ = {
			isa = PBXGroup;
			children = (
				A061A8B1ED240B9DFE8AF99F /* libPods.a */,
			);
			name = Frameworks;
			sourceTree = "<group>";
		};
/* End PBXGroup section */

/* Begin PBXNativeTarget section */
		049456AC1BEB6AC300E0CBDA /* JKImageView */ = {
			isa = PBXNativeTarget;
			buildConfigurationList = 049456DA1BEB6AC400E0CBDA /* Build configuration list for PBXNativeTarget "JKImageView" */;
			buildPhases = (
				EB821DAFC05E7609DEB3B9C4 /* Check Pods Manifest.lock */,
				049456A91BEB6AC300E0CBDA /* Sources */,
				049456AA1BEB6AC300E0CBDA /* Frameworks */,
				049456AB1BEB6AC300E0CBDA /* Resources */,
				E6A78211B2C2ABB7B70CFADA /* Embed Pods Frameworks */,
				88E8B1A5C6E14FA636FDA124 /* Copy Pods Resources */,
			);
			buildRules = (
			);
			dependencies = (
			);
			name = JKImageView;
			productName = JKImageView;
			productReference = 049456AD1BEB6AC300E0CBDA /* JKImageView.app */;
			productType = "com.apple.product-type.application";
		};
		049456C51BEB6AC300E0CBDA /* JKImageViewTests */ = {
			isa = PBXNativeTarget;
			buildConfigurationList = 049456DD1BEB6AC400E0CBDA /* Build configuration list for PBXNativeTarget "JKImageViewTests" */;
			buildPhases = (
				049456C21BEB6AC300E0CBDA /* Sources */,
				049456C31BEB6AC300E0CBDA /* Frameworks */,
				049456C41BEB6AC300E0CBDA /* Resources */,
			);
			buildRules = (
			);
			dependencies = (
				049456C81BEB6AC300E0CBDA /* PBXTargetDependency */,
			);
			name = JKImageViewTests;
			productName = JKImageViewTests;
			productReference = 049456C61BEB6AC300E0CBDA /* JKImageViewTests.xctest */;
			productType = "com.apple.product-type.bundle.unit-test";
		};
		049456D01BEB6AC400E0CBDA /* JKImageViewUITests */ = {
			isa = PBXNativeTarget;
			buildConfigurationList = 049456E01BEB6AC400E0CBDA /* Build configuration list for PBXNativeTarget "JKImageViewUITests" */;
			buildPhases = (
				049456CD1BEB6AC400E0CBDA /* Sources */,
				049456CE1BEB6AC400E0CBDA /* Frameworks */,
				049456CF1BEB6AC400E0CBDA /* Resources */,
			);
			buildRules = (
			);
			dependencies = (
				049456D31BEB6AC400E0CBDA /* PBXTargetDependency */,
			);
			name = JKImageViewUITests;
			productName = JKImageViewUITests;
			productReference = 049456D11BEB6AC400E0CBDA /* JKImageViewUITests.xctest */;
			productType = "com.apple.product-type.bundle.ui-testing";
		};
/* End PBXNativeTarget section */

/* Begin PBXProject section */
		049456A51BEB6AC300E0CBDA /* Project object */ = {
			isa = PBXProject;
			attributes = {
				LastUpgradeCheck = 0710;
				ORGANIZATIONNAME = Jack;
				TargetAttributes = {
					049456AC1BEB6AC300E0CBDA = {
						CreatedOnToolsVersion = 7.1;
					};
					049456C51BEB6AC300E0CBDA = {
						CreatedOnToolsVersion = 7.1;
						TestTargetID = 049456AC1BEB6AC300E0CBDA;
					};
					049456D01BEB6AC400E0CBDA = {
						CreatedOnToolsVersion = 7.1;
						TestTargetID = 049456AC1BEB6AC300E0CBDA;
					};
				};
			};
			buildConfigurationList = 049456A81BEB6AC300E0CBDA /* Build configuration list for PBXProject "JKImageView" */;
			compatibilityVersion = "Xcode 3.2";
			developmentRegion = English;
			hasScannedForEncodings = 0;
			knownRegions = (
				en,
				Base,
			);
			mainGroup = 049456A41BEB6AC300E0CBDA;
			productRefGroup = 049456AE1BEB6AC300E0CBDA /* Products */;
			projectDirPath = "";
			projectRoot = "";
			targets = (
				049456AC1BEB6AC300E0CBDA /* JKImageView */,
				049456C51BEB6AC300E0CBDA /* JKImageViewTests */,
				049456D01BEB6AC400E0CBDA /* JKImageViewUITests */,
			);
		};
/* End PBXProject section */

/* Begin PBXResourcesBuildPhase section */
		049456AB1BEB6AC300E0CBDA /* Resources */ = {
			isa = PBXResourcesBuildPhase;
			buildActionMask = 2147483647;
			files = (
				049456C01BEB6AC300E0CBDA /* LaunchScreen.storyboard in Resources */,
				047B28F71BEC504F008763A1 /* TestTableViewCell.xib in Resources */,
				049456BD1BEB6AC300E0CBDA /* Assets.xcassets in Resources */,
				049456BB1BEB6AC300E0CBDA /* Main.storyboard in Resources */,
			);
			runOnlyForDeploymentPostprocessing = 0;
		};
		049456C41BEB6AC300E0CBDA /* Resources */ = {
			isa = PBXResourcesBuildPhase;
			buildActionMask = 2147483647;
			files = (
				047B28F81BEC504F008763A1 /* TestTableViewCell.xib in Resources */,
			);
			runOnlyForDeploymentPostprocessing = 0;
		};
		049456CF1BEB6AC400E0CBDA /* Resources */ = {
			isa = PBXResourcesBuildPhase;
			buildActionMask = 2147483647;
			files = (
				047B28F91BEC504F008763A1 /* TestTableViewCell.xib in Resources */,
			);
			runOnlyForDeploymentPostprocessing = 0;
		};
/* End PBXResourcesBuildPhase section */

/* Begin PBXShellScriptBuildPhase section */
		88E8B1A5C6E14FA636FDA124 /* Copy Pods Resources */ = {
			isa = PBXShellScriptBuildPhase;
			buildActionMask = 2147483647;
			files = (
			);
			inputPaths = (
			);
			name = "Copy Pods Resources";
			outputPaths = (
			);
			runOnlyForDeploymentPostprocessing = 0;
			shellPath = /bin/sh;
			shellScript = "\"${SRCROOT}/Pods/Target Support Files/Pods/Pods-resources.sh\"\n";
			showEnvVarsInLog = 0;
		};
		E6A78211B2C2ABB7B70CFADA /* Embed Pods Frameworks */ = {
			isa = PBXShellScriptBuildPhase;
			buildActionMask = 2147483647;
			files = (
			);
			inputPaths = (
			);
			name = "Embed Pods Frameworks";
			outputPaths = (
			);
			runOnlyForDeploymentPostprocessing = 0;
			shellPath = /bin/sh;
			shellScript = "\"${SRCROOT}/Pods/Target Support Files/Pods/Pods-frameworks.sh\"\n";
			showEnvVarsInLog = 0;
		};
		EB821DAFC05E7609DEB3B9C4 /* Check Pods Manifest.lock */ = {
			isa = PBXShellScriptBuildPhase;
			buildActionMask = 2147483647;
			files = (
			);
			inputPaths = (
			);
			name = "Check Pods Manifest.lock";
			outputPaths = (
			);
			runOnlyForDeploymentPostprocessing = 0;
			shellPath = /bin/sh;
			shellScript = "diff \"${PODS_ROOT}/../Podfile.lock\" \"${PODS_ROOT}/Manifest.lock\" > /dev/null\nif [[ $? != 0 ]] ; then\n    cat << EOM\nerror: The sandbox is not in sync with the Podfile.lock. Run 'pod install' or update your CocoaPods installation.\nEOM\n    exit 1\nfi\n";
			showEnvVarsInLog = 0;
		};
/* End PBXShellScriptBuildPhase section */

/* Begin PBXSourcesBuildPhase section */
		049456A91BEB6AC300E0CBDA /* Sources */ = {
			isa = PBXSourcesBuildPhase;
			buildActionMask = 2147483647;
			files = (
				049456B81BEB6AC300E0CBDA /* ViewController.m in Sources */,
				047B28F41BEC504F008763A1 /* TestTableViewCell.m in Sources */,
				049456B51BEB6AC300E0CBDA /* AppDelegate.m in Sources */,
				047B28EE1BEC5040008763A1 /* TestTableViewController.m in Sources */,
				04391A431BEC4C92004897A2 /* TestImageViewController.m in Sources */,
				049456B21BEB6AC300E0CBDA /* main.m in Sources */,
			);
			runOnlyForDeploymentPostprocessing = 0;
		};
		049456C21BEB6AC300E0CBDA /* Sources */ = {
			isa = PBXSourcesBuildPhase;
			buildActionMask = 2147483647;
			files = (
				047B28EF1BEC5040008763A1 /* TestTableViewController.m in Sources */,
				047B28F51BEC504F008763A1 /* TestTableViewCell.m in Sources */,
				04391A441BEC4C92004897A2 /* TestImageViewController.m in Sources */,
				049456CB1BEB6AC300E0CBDA /* JKImageViewTests.m in Sources */,
			);
			runOnlyForDeploymentPostprocessing = 0;
		};
		049456CD1BEB6AC400E0CBDA /* Sources */ = {
			isa = PBXSourcesBuildPhase;
			buildActionMask = 2147483647;
			files = (
				047B28F01BEC5040008763A1 /* TestTableViewController.m in Sources */,
				047B28F61BEC504F008763A1 /* TestTableViewCell.m in Sources */,
				04391A451BEC4C92004897A2 /* TestImageViewController.m in Sources */,
				049456D61BEB6AC400E0CBDA /* JKImageViewUITests.m in Sources */,
			);
			runOnlyForDeploymentPostprocessing = 0;
		};
/* End PBXSourcesBuildPhase section */

/* Begin PBXTargetDependency section */
		049456C81BEB6AC300E0CBDA /* PBXTargetDependency */ = {
			isa = PBXTargetDependency;
			target = 049456AC1BEB6AC300E0CBDA /* JKImageView */;
			targetProxy = 049456C71BEB6AC300E0CBDA /* PBXContainerItemProxy */;
		};
		049456D31BEB6AC400E0CBDA /* PBXTargetDependency */ = {
			isa = PBXTargetDependency;
			target = 049456AC1BEB6AC300E0CBDA /* JKImageView */;
			targetProxy = 049456D21BEB6AC400E0CBDA /* PBXContainerItemProxy */;
		};
/* End PBXTargetDependency section */

/* Begin PBXVariantGroup section */
		049456B91BEB6AC300E0CBDA /* Main.storyboard */ = {
			isa = PBXVariantGroup;
			children = (
				049456BA1BEB6AC300E0CBDA /* Base */,
			);
			name = Main.storyboard;
			sourceTree = "<group>";
		};
		049456BE1BEB6AC300E0CBDA /* LaunchScreen.storyboard */ = {
			isa = PBXVariantGroup;
			children = (
				049456BF1BEB6AC300E0CBDA /* Base */,
			);
			name = LaunchScreen.storyboard;
			sourceTree = "<group>";
		};
/* End PBXVariantGroup section */

/* Begin XCBuildConfiguration section */
		049456D81BEB6AC400E0CBDA /* Debug */ = {
			isa = XCBuildConfiguration;
			buildSettings = {
				ALWAYS_SEARCH_USER_PATHS = NO;
				CLANG_CXX_LANGUAGE_STANDARD = "gnu++0x";
				CLANG_CXX_LIBRARY = "libc++";
				CLANG_ENABLE_MODULES = YES;
				CLANG_ENABLE_OBJC_ARC = YES;
				CLANG_WARN_BOOL_CONVERSION = YES;
				CLANG_WARN_CONSTANT_CONVERSION = YES;
				CLANG_WARN_DIRECT_OBJC_ISA_USAGE = YES_ERROR;
				CLANG_WARN_EMPTY_BODY = YES;
				CLANG_WARN_ENUM_CONVERSION = YES;
				CLANG_WARN_INT_CONVERSION = YES;
				CLANG_WARN_OBJC_ROOT_CLASS = YES_ERROR;
				CLANG_WARN_UNREACHABLE_CODE = YES;
				CLANG_WARN__DUPLICATE_METHOD_MATCH = YES;
				"CODE_SIGN_IDENTITY[sdk=iphoneos*]" = "iPhone Developer";
				COPY_PHASE_STRIP = NO;
				DEBUG_INFORMATION_FORMAT = dwarf;
				ENABLE_STRICT_OBJC_MSGSEND = YES;
				ENABLE_TESTABILITY = YES;
				GCC_C_LANGUAGE_STANDARD = gnu99;
				GCC_DYNAMIC_NO_PIC = NO;
				GCC_NO_COMMON_BLOCKS = YES;
				GCC_OPTIMIZATION_LEVEL = 0;
				GCC_PREPROCESSOR_DEFINITIONS = (
					"DEBUG=1",
					"$(inherited)",
				);
				GCC_WARN_64_TO_32_BIT_CONVERSION = YES;
				GCC_WARN_ABOUT_RETURN_TYPE = YES_ERROR;
				GCC_WARN_UNDECLARED_SELECTOR = YES;
				GCC_WARN_UNINITIALIZED_AUTOS = YES_AGGRESSIVE;
				GCC_WARN_UNUSED_FUNCTION = YES;
				GCC_WARN_UNUSED_VARIABLE = YES;
				IPHONEOS_DEPLOYMENT_TARGET = 9.1;
				MTL_ENABLE_DEBUG_INFO = YES;
				ONLY_ACTIVE_ARCH = YES;
				SDKROOT = iphoneos;
			};
			name = Debug;
		};
		049456D91BEB6AC400E0CBDA /* Release */ = {
			isa = XCBuildConfiguration;
			buildSettings = {
				ALWAYS_SEARCH_USER_PATHS = NO;
				CLANG_CXX_LANGUAGE_STANDARD = "gnu++0x";
				CLANG_CXX_LIBRARY = "libc++";
				CLANG_ENABLE_MODULES = YES;
				CLANG_ENABLE_OBJC_ARC = YES;
				CLANG_WARN_BOOL_CONVERSION = YES;
				CLANG_WARN_CONSTANT_CONVERSION = YES;
				CLANG_WARN_DIRECT_OBJC_ISA_USAGE = YES_ERROR;
				CLANG_WARN_EMPTY_BODY = YES;
				CLANG_WARN_ENUM_CONVERSION = YES;
				CLANG_WARN_INT_CONVERSION = YES;
				CLANG_WARN_OBJC_ROOT_CLASS = YES_ERROR;
				CLANG_WARN_UNREACHABLE_CODE = YES;
				CLANG_WARN__DUPLICATE_METHOD_MATCH = YES;
				"CODE_SIGN_IDENTITY[sdk=iphoneos*]" = "iPhone Developer";
				COPY_PHASE_STRIP = NO;
				DEBUG_INFORMATION_FORMAT = "dwarf-with-dsym";
				ENABLE_NS_ASSERTIONS = NO;
				ENABLE_STRICT_OBJC_MSGSEND = YES;
				GCC_C_LANGUAGE_STANDARD = gnu99;
				GCC_NO_COMMON_BLOCKS = YES;
				GCC_WARN_64_TO_32_BIT_CONVERSION = YES;
				GCC_WARN_ABOUT_RETURN_TYPE = YES_ERROR;
				GCC_WARN_UNDECLARED_SELECTOR = YES;
				GCC_WARN_UNINITIALIZED_AUTOS = YES_AGGRESSIVE;
				GCC_WARN_UNUSED_FUNCTION = YES;
				GCC_WARN_UNUSED_VARIABLE = YES;
				IPHONEOS_DEPLOYMENT_TARGET = 9.1;
				MTL_ENABLE_DEBUG_INFO = NO;
				SDKROOT = iphoneos;
				VALIDATE_PRODUCT = YES;
			};
			name = Release;
		};
		049456DB1BEB6AC400E0CBDA /* Debug */ = {
			isa = XCBuildConfiguration;
			baseConfigurationReference = BE810828170BEFC17A1BA553 /* Pods.debug.xcconfig */;
			buildSettings = {
				ASSETCATALOG_COMPILER_APPICON_NAME = AppIcon;
				GCC_PREFIX_HEADER = JKImageView/PrefixHeader.pch;
				INFOPLIST_FILE = JKImageView/Info.plist;
				LD_RUNPATH_SEARCH_PATHS = "$(inherited) @executable_path/Frameworks";
				PRODUCT_BUNDLE_IDENTIFIER = com.Jack.JKImageView;
				PRODUCT_NAME = "$(TARGET_NAME)";
			};
			name = Debug;
		};
		049456DC1BEB6AC400E0CBDA /* Release */ = {
			isa = XCBuildConfiguration;
			baseConfigurationReference = 50DB690ADF9F7397E703B305 /* Pods.release.xcconfig */;
			buildSettings = {
				ASSETCATALOG_COMPILER_APPICON_NAME = AppIcon;
				GCC_PREFIX_HEADER = JKImageView/PrefixHeader.pch;
				INFOPLIST_FILE = JKImageView/Info.plist;
				LD_RUNPATH_SEARCH_PATHS = "$(inherited) @executable_path/Frameworks";
				PRODUCT_BUNDLE_IDENTIFIER = com.Jack.JKImageView;
				PRODUCT_NAME = "$(TARGET_NAME)";
			};
			name = Release;
		};
		049456DE1BEB6AC400E0CBDA /* Debug */ = {
			isa = XCBuildConfiguration;
			buildSettings = {
				BUNDLE_LOADER = "$(TEST_HOST)";
				INFOPLIST_FILE = JKImageViewTests/Info.plist;
				LD_RUNPATH_SEARCH_PATHS = "$(inherited) @executable_path/Frameworks @loader_path/Frameworks";
				PRODUCT_BUNDLE_IDENTIFIER = com.Jack.JKImageViewTests;
				PRODUCT_NAME = "$(TARGET_NAME)";
				TEST_HOST = "$(BUILT_PRODUCTS_DIR)/JKImageView.app/JKImageView";
			};
			name = Debug;
		};
		049456DF1BEB6AC400E0CBDA /* Release */ = {
			isa = XCBuildConfiguration;
			buildSettings = {
				BUNDLE_LOADER = "$(TEST_HOST)";
				INFOPLIST_FILE = JKImageViewTests/Info.plist;
				LD_RUNPATH_SEARCH_PATHS = "$(inherited) @executable_path/Frameworks @loader_path/Frameworks";
				PRODUCT_BUNDLE_IDENTIFIER = com.Jack.JKImageViewTests;
				PRODUCT_NAME = "$(TARGET_NAME)";
				TEST_HOST = "$(BUILT_PRODUCTS_DIR)/JKImageView.app/JKImageView";
			};
			name = Release;
		};
		049456E11BEB6AC400E0CBDA /* Debug */ = {
			isa = XCBuildConfiguration;
			buildSettings = {
				INFOPLIST_FILE = JKImageViewUITests/Info.plist;
				LD_RUNPATH_SEARCH_PATHS = "$(inherited) @executable_path/Frameworks @loader_path/Frameworks";
				PRODUCT_BUNDLE_IDENTIFIER = com.Jack.JKImageViewUITests;
				PRODUCT_NAME = "$(TARGET_NAME)";
				TEST_TARGET_NAME = JKImageView;
				USES_XCTRUNNER = YES;
			};
			name = Debug;
		};
		049456E21BEB6AC400E0CBDA /* Release */ = {
			isa = XCBuildConfiguration;
			buildSettings = {
				INFOPLIST_FILE = JKImageViewUITests/Info.plist;
				LD_RUNPATH_SEARCH_PATHS = "$(inherited) @executable_path/Frameworks @loader_path/Frameworks";
				PRODUCT_BUNDLE_IDENTIFIER = com.Jack.JKImageViewUITests;
				PRODUCT_NAME = "$(TARGET_NAME)";
				TEST_TARGET_NAME = JKImageView;
				USES_XCTRUNNER = YES;
			};
			name = Release;
		};
/* End XCBuildConfiguration section */

/* Begin XCConfigurationList section */
		049456A81BEB6AC300E0CBDA /* Build configuration list for PBXProject "JKImageView" */ = {
			isa = XCConfigurationList;
			buildConfigurations = (
				049456D81BEB6AC400E0CBDA /* Debug */,
				049456D91BEB6AC400E0CBDA /* Release */,
			);
			defaultConfigurationIsVisible = 0;
			defaultConfigurationName = Release;
		};
		049456DA1BEB6AC400E0CBDA /* Build configuration list for PBXNativeTarget "JKImageView" */ = {
			isa = XCConfigurationList;
			buildConfigurations = (
				049456DB1BEB6AC400E0CBDA /* Debug */,
				049456DC1BEB6AC400E0CBDA /* Release */,
			);
			defaultConfigurationIsVisible = 0;
			defaultConfigurationName = Release;
		};
		049456DD1BEB6AC400E0CBDA /* Build configuration list for PBXNativeTarget "JKImageViewTests" */ = {
			isa = XCConfigurationList;
			buildConfigurations = (
				049456DE1BEB6AC400E0CBDA /* Debug */,
				049456DF1BEB6AC400E0CBDA /* Release */,
			);
			defaultConfigurationIsVisible = 0;
			defaultConfigurationName = Release;
		};
		049456E01BEB6AC400E0CBDA /* Build configuration list for PBXNativeTarget "JKImageViewUITests" */ = {
			isa = XCConfigurationList;
			buildConfigurations = (
				049456E11BEB6AC400E0CBDA /* Debug */,
				049456E21BEB6AC400E0CBDA /* Release */,
			);
			defaultConfigurationIsVisible = 0;
			defaultConfigurationName = Release;
		};
/* End XCConfigurationList section */
	};
	rootObject = 049456A51BEB6AC300E0CBDA /* Project object */;
}
